// !$*UTF8*$!
{
	archiveVersion = 1;
	classes = {
	};
	objectVersion = 56;
	objects = {

/* Begin PBXBuildFile section */
		D67168AA2BA9EC81000C3CEC /* Individual_ProjectApp.swift in Sources */ = {isa = PBXBuildFile; fileRef = D67168A92BA9EC81000C3CEC /* Individual_ProjectApp.swift */; };
		D67168AC2BA9EC82000C3CEC /* ContentView.swift in Sources */ = {isa = PBXBuildFile; fileRef = D67168AB2BA9EC82000C3CEC /* ContentView.swift */; };
		D67168AE2BA9EC85000C3CEC /* Assets.xcassets in Resources */ = {isa = PBXBuildFile; fileRef = D67168AD2BA9EC85000C3CEC /* Assets.xcassets */; };
		D67168B12BA9EC85000C3CEC /* Preview Assets.xcassets in Resources */ = {isa = PBXBuildFile; fileRef = D67168B02BA9EC85000C3CEC /* Preview Assets.xcassets */; };
		D67168BB2BA9EC86000C3CEC /* Individual_ProjectTests.swift in Sources */ = {isa = PBXBuildFile; fileRef = D67168BA2BA9EC86000C3CEC /* Individual_ProjectTests.swift */; };
		D67168C52BA9EC86000C3CEC /* Individual_ProjectUITests.swift in Sources */ = {isa = PBXBuildFile; fileRef = D67168C42BA9EC86000C3CEC /* Individual_ProjectUITests.swift */; };
		D67168C72BA9EC86000C3CEC /* Individual_ProjectUITestsLaunchTests.swift in Sources */ = {isa = PBXBuildFile; fileRef = D67168C62BA9EC86000C3CEC /* Individual_ProjectUITestsLaunchTests.swift */; };
		D67168D42BAED344000C3CEC /* ClothingView.swift in Sources */ = {isa = PBXBuildFile; fileRef = D67168D32BAED344000C3CEC /* ClothingView.swift */; };
		D67168D82BB00962000C3CEC /* HKIView.swift in Sources */ = {isa = PBXBuildFile; fileRef = D67168D72BB00962000C3CEC /* HKIView.swift */; };
		D67168E92BB33918000C3CEC /* KLSC.swift in Sources */ = {isa = PBXBuildFile; fileRef = D67168E82BB33918000C3CEC /* KLSC.swift */; };
		D67168EB2BB33A7B000C3CEC /* KLSCList.swift in Sources */ = {isa = PBXBuildFile; fileRef = D67168EA2BB33A7B000C3CEC /* KLSCList.swift */; };
		D67168ED2BB33B95000C3CEC /* KLDataModel.swift in Sources */ = {isa = PBXBuildFile; fileRef = D67168EC2BB33B95000C3CEC /* KLDataModel.swift */; };
		D67168EF2BB33CF3000C3CEC /* KLSCData.json in Resources */ = {isa = PBXBuildFile; fileRef = D67168EE2BB33CF3000C3CEC /* KLSCData.json */; };
		D67168F12BB34805000C3CEC /* KLSCIRow.swift in Sources */ = {isa = PBXBuildFile; fileRef = D67168F02BB34805000C3CEC /* KLSCIRow.swift */; };
/* End PBXBuildFile section */

/* Begin PBXContainerItemProxy section */
		D67168B72BA9EC86000C3CEC /* PBXContainerItemProxy */ = {
			isa = PBXContainerItemProxy;
			containerPortal = D671689E2BA9EC81000C3CEC /* Project object */;
			proxyType = 1;
			remoteGlobalIDString = D67168A52BA9EC81000C3CEC;
			remoteInfo = "Individual Project";
		};
		D67168C12BA9EC86000C3CEC /* PBXContainerItemProxy */ = {
			isa = PBXContainerItemProxy;
			containerPortal = D671689E2BA9EC81000C3CEC /* Project object */;
			proxyType = 1;
			remoteGlobalIDString = D67168A52BA9EC81000C3CEC;
			remoteInfo = "Individual Project";
		};
/* End PBXContainerItemProxy section */

/* Begin PBXFileReference section */
		D67168A62BA9EC81000C3CEC /* Individual Project.app */ = {isa = PBXFileReference; explicitFileType = wrapper.application; includeInIndex = 0; path = "Individual Project.app"; sourceTree = BUILT_PRODUCTS_DIR; };
		D67168A92BA9EC81000C3CEC /* Individual_ProjectApp.swift */ = {isa = PBXFileReference; lastKnownFileType = sourcecode.swift; path = Individual_ProjectApp.swift; sourceTree = "<group>"; };
		D67168AB2BA9EC82000C3CEC /* ContentView.swift */ = {isa = PBXFileReference; lastKnownFileType = sourcecode.swift; path = ContentView.swift; sourceTree = "<group>"; };
		D67168AD2BA9EC85000C3CEC /* Assets.xcassets */ = {isa = PBXFileReference; lastKnownFileType = folder.assetcatalog; path = Assets.xcassets; sourceTree = "<group>"; };
		D67168B02BA9EC85000C3CEC /* Preview Assets.xcassets */ = {isa = PBXFileReference; lastKnownFileType = folder.assetcatalog; path = "Preview Assets.xcassets"; sourceTree = "<group>"; };
		D67168B62BA9EC86000C3CEC /* Individual ProjectTests.xctest */ = {isa = PBXFileReference; explicitFileType = wrapper.cfbundle; includeInIndex = 0; path = "Individual ProjectTests.xctest"; sourceTree = BUILT_PRODUCTS_DIR; };
		D67168BA2BA9EC86000C3CEC /* Individual_ProjectTests.swift */ = {isa = PBXFileReference; lastKnownFileType = sourcecode.swift; path = Individual_ProjectTests.swift; sourceTree = "<group>"; };
		D67168C02BA9EC86000C3CEC /* Individual ProjectUITests.xctest */ = {isa = PBXFileReference; explicitFileType = wrapper.cfbundle; includeInIndex = 0; path = "Individual ProjectUITests.xctest"; sourceTree = BUILT_PRODUCTS_DIR; };
		D67168C42BA9EC86000C3CEC /* Individual_ProjectUITests.swift */ = {isa = PBXFileReference; lastKnownFileType = sourcecode.swift; path = Individual_ProjectUITests.swift; sourceTree = "<group>"; };
		D67168C62BA9EC86000C3CEC /* Individual_ProjectUITestsLaunchTests.swift */ = {isa = PBXFileReference; lastKnownFileType = sourcecode.swift; path = Individual_ProjectUITestsLaunchTests.swift; sourceTree = "<group>"; };
		D67168D32BAED344000C3CEC /* ClothingView.swift */ = {isa = PBXFileReference; lastKnownFileType = sourcecode.swift; path = ClothingView.swift; sourceTree = "<group>"; };
		D67168D72BB00962000C3CEC /* HKIView.swift */ = {isa = PBXFileReference; lastKnownFileType = sourcecode.swift; path = HKIView.swift; sourceTree = "<group>"; };
		D67168E82BB33918000C3CEC /* KLSC.swift */ = {isa = PBXFileReference; lastKnownFileType = sourcecode.swift; path = KLSC.swift; sourceTree = "<group>"; };
		D67168EA2BB33A7B000C3CEC /* KLSCList.swift */ = {isa = PBXFileReference; lastKnownFileType = sourcecode.swift; path = KLSCList.swift; sourceTree = "<group>"; };
		D67168EC2BB33B95000C3CEC /* KLDataModel.swift */ = {isa = PBXFileReference; lastKnownFileType = sourcecode.swift; path = KLDataModel.swift; sourceTree = "<group>"; };
		D67168EE2BB33CF3000C3CEC /* KLSCData.json */ = {isa = PBXFileReference; fileEncoding = 4; lastKnownFileType = text.json; path = KLSCData.json; sourceTree = "<group>"; };
		D67168F02BB34805000C3CEC /* KLSCIRow.swift */ = {isa = PBXFileReference; lastKnownFileType = sourcecode.swift; path = KLSCIRow.swift; sourceTree = "<group>"; };
/* End PBXFileReference section */

/* Begin PBXFrameworksBuildPhase section */
		D67168A32BA9EC81000C3CEC /* Frameworks */ = {
			isa = PBXFrameworksBuildPhase;
			buildActionMask = 2147483647;
			files = (
			);
			runOnlyForDeploymentPostprocessing = 0;
		};
		D67168B32BA9EC86000C3CEC /* Frameworks */ = {
			isa = PBXFrameworksBuildPhase;
			buildActionMask = 2147483647;
			files = (
			);
			runOnlyForDeploymentPostprocessing = 0;
		};
		D67168BD2BA9EC86000C3CEC /* Frameworks */ = {
			isa = PBXFrameworksBuildPhase;
			buildActionMask = 2147483647;
			files = (
			);
			runOnlyForDeploymentPostprocessing = 0;
		};
/* End PBXFrameworksBuildPhase section */

/* Begin PBXGroup section */
		D671689D2BA9EC81000C3CEC = {
			isa = PBXGroup;
			children = (
				D67168A82BA9EC81000C3CEC /* Individual Project */,
				D67168A72BA9EC81000C3CEC /* Products */,
			);
			sourceTree = "<group>";
		};
		D67168A72BA9EC81000C3CEC /* Products */ = {
			isa = PBXGroup;
			children = (
				D67168A62BA9EC81000C3CEC /* Individual Project.app */,
				D67168B62BA9EC86000C3CEC /* Individual ProjectTests.xctest */,
				D67168C02BA9EC86000C3CEC /* Individual ProjectUITests.xctest */,
			);
			name = Products;
			sourceTree = "<group>";
		};
		D67168A82BA9EC81000C3CEC /* Individual Project */ = {
			isa = PBXGroup;
			children = (
				D67168A92BA9EC81000C3CEC /* Individual_ProjectApp.swift */,
				D67168AB2BA9EC82000C3CEC /* ContentView.swift */,
				D67168D52BAEDB73000C3CEC /* Clothing */,
				D67168AD2BA9EC85000C3CEC /* Assets.xcassets */,
				D67168AF2BA9EC85000C3CEC /* Preview Content */,
				D67168B92BA9EC86000C3CEC /* Individual ProjectTests */,
				D67168C32BA9EC86000C3CEC /* Individual ProjectUITests */,
			);
			path = "Individual Project";
			sourceTree = "<group>";
		};
		D67168AF2BA9EC85000C3CEC /* Preview Content */ = {
			isa = PBXGroup;
			children = (
				D67168B02BA9EC85000C3CEC /* Preview Assets.xcassets */,
			);
			path = "Preview Content";
			sourceTree = "<group>";
		};
		D67168B92BA9EC86000C3CEC /* Individual ProjectTests */ = {
			isa = PBXGroup;
			children = (
				D67168BA2BA9EC86000C3CEC /* Individual_ProjectTests.swift */,
			);
			path = "Individual ProjectTests";
			sourceTree = "<group>";
		};
		D67168C32BA9EC86000C3CEC /* Individual ProjectUITests */ = {
			isa = PBXGroup;
			children = (
				D67168C42BA9EC86000C3CEC /* Individual_ProjectUITests.swift */,
				D67168C62BA9EC86000C3CEC /* Individual_ProjectUITestsLaunchTests.swift */,
			);
			path = "Individual ProjectUITests";
			sourceTree = "<group>";
		};
		D67168D52BAEDB73000C3CEC /* Clothing */ = {
			isa = PBXGroup;
			children = (
				D67168D32BAED344000C3CEC /* ClothingView.swift */,
				D67168E12BB32D3B000C3CEC /* KL */,
				D67168D72BB00962000C3CEC /* HKIView.swift */,
			);
			path = Clothing;
			sourceTree = "<group>";
		};
		D67168E12BB32D3B000C3CEC /* KL */ = {
			isa = PBXGroup;
			children = (
				D67168EA2BB33A7B000C3CEC /* KLSCList.swift */,
				D67168F02BB34805000C3CEC /* KLSCIRow.swift */,
				D67168E82BB33918000C3CEC /* KLSC.swift */,
				D67168EC2BB33B95000C3CEC /* KLDataModel.swift */,
				D67168EE2BB33CF3000C3CEC /* KLSCData.json */,
			);
			path = KL;
			sourceTree = "<group>";
		};
/* End PBXGroup section */

/* Begin PBXNativeTarget section */
		D67168A52BA9EC81000C3CEC /* Individual Project */ = {
			isa = PBXNativeTarget;
			buildConfigurationList = D67168CA2BA9EC86000C3CEC /* Build configuration list for PBXNativeTarget "Individual Project" */;
			buildPhases = (
				D67168A22BA9EC81000C3CEC /* Sources */,
				D67168A32BA9EC81000C3CEC /* Frameworks */,
				D67168A42BA9EC81000C3CEC /* Resources */,
			);
			buildRules = (
			);
			dependencies = (
			);
			name = "Individual Project";
			productName = "Individual Project";
			productReference = D67168A62BA9EC81000C3CEC /* Individual Project.app */;
			productType = "com.apple.product-type.application";
		};
		D67168B52BA9EC86000C3CEC /* Individual ProjectTests */ = {
			isa = PBXNativeTarget;
			buildConfigurationList = D67168CD2BA9EC86000C3CEC /* Build configuration list for PBXNativeTarget "Individual ProjectTests" */;
			buildPhases = (
				D67168B22BA9EC86000C3CEC /* Sources */,
				D67168B32BA9EC86000C3CEC /* Frameworks */,
				D67168B42BA9EC86000C3CEC /* Resources */,
			);
			buildRules = (
			);
			dependencies = (
				D67168B82BA9EC86000C3CEC /* PBXTargetDependency */,
			);
			name = "Individual ProjectTests";
			productName = "Individual ProjectTests";
			productReference = D67168B62BA9EC86000C3CEC /* Individual ProjectTests.xctest */;
			productType = "com.apple.product-type.bundle.unit-test";
		};
		D67168BF2BA9EC86000C3CEC /* Individual ProjectUITests */ = {
			isa = PBXNativeTarget;
			buildConfigurationList = D67168D02BA9EC86000C3CEC /* Build configuration list for PBXNativeTarget "Individual ProjectUITests" */;
			buildPhases = (
				D67168BC2BA9EC86000C3CEC /* Sources */,
				D67168BD2BA9EC86000C3CEC /* Frameworks */,
				D67168BE2BA9EC86000C3CEC /* Resources */,
			);
			buildRules = (
			);
			dependencies = (
				D67168C22BA9EC86000C3CEC /* PBXTargetDependency */,
			);
			name = "Individual ProjectUITests";
			productName = "Individual ProjectUITests";
			productReference = D67168C02BA9EC86000C3CEC /* Individual ProjectUITests.xctest */;
			productType = "com.apple.product-type.bundle.ui-testing";
		};
/* End PBXNativeTarget section */

/* Begin PBXProject section */
		D671689E2BA9EC81000C3CEC /* Project object */ = {
			isa = PBXProject;
			attributes = {
				BuildIndependentTargetsInParallel = 1;
				LastSwiftUpdateCheck = 1520;
				LastUpgradeCheck = 1520;
				TargetAttributes = {
					D67168A52BA9EC81000C3CEC = {
						CreatedOnToolsVersion = 15.2;
					};
					D67168B52BA9EC86000C3CEC = {
						CreatedOnToolsVersion = 15.2;
						TestTargetID = D67168A52BA9EC81000C3CEC;
					};
					D67168BF2BA9EC86000C3CEC = {
						CreatedOnToolsVersion = 15.2;
						TestTargetID = D67168A52BA9EC81000C3CEC;
					};
				};
			};
			buildConfigurationList = D67168A12BA9EC81000C3CEC /* Build configuration list for PBXProject "Individual Project" */;
			compatibilityVersion = "Xcode 14.0";
			developmentRegion = en;
			hasScannedForEncodings = 0;
			knownRegions = (
				en,
				Base,
			);
			mainGroup = D671689D2BA9EC81000C3CEC;
			productRefGroup = D67168A72BA9EC81000C3CEC /* Products */;
			projectDirPath = "";
			projectRoot = "";
			targets = (
				D67168A52BA9EC81000C3CEC /* Individual Project */,
				D67168B52BA9EC86000C3CEC /* Individual ProjectTests */,
				D67168BF2BA9EC86000C3CEC /* Individual ProjectUITests */,
			);
		};
/* End PBXProject section */

/* Begin PBXResourcesBuildPhase section */
		D67168A42BA9EC81000C3CEC /* Resources */ = {
			isa = PBXResourcesBuildPhase;
			buildActionMask = 2147483647;
			files = (
				D67168B12BA9EC85000C3CEC /* Preview Assets.xcassets in Resources */,
				D67168AE2BA9EC85000C3CEC /* Assets.xcassets in Resources */,
				D67168EF2BB33CF3000C3CEC /* KLSCData.json in Resources */,
			);
			runOnlyForDeploymentPostprocessing = 0;
		};
		D67168B42BA9EC86000C3CEC /* Resources */ = {
			isa = PBXResourcesBuildPhase;
			buildActionMask = 2147483647;
			files = (
			);
			runOnlyForDeploymentPostprocessing = 0;
		};
		D67168BE2BA9EC86000C3CEC /* Resources */ = {
			isa = PBXResourcesBuildPhase;
			buildActionMask = 2147483647;
			files = (
			);
			runOnlyForDeploymentPostprocessing = 0;
		};
/* End PBXResourcesBuildPhase section */

/* Begin PBXSourcesBuildPhase section */
		D67168A22BA9EC81000C3CEC /* Sources */ = {
			isa = PBXSourcesBuildPhase;
			buildActionMask = 2147483647;
			files = (
				D67168ED2BB33B95000C3CEC /* KLDataModel.swift in Sources */,
				D67168EB2BB33A7B000C3CEC /* KLSCList.swift in Sources */,
				D67168E92BB33918000C3CEC /* KLSC.swift in Sources */,
				D67168AC2BA9EC82000C3CEC /* ContentView.swift in Sources */,
				D67168AA2BA9EC81000C3CEC /* Individual_ProjectApp.swift in Sources */,
				D67168D42BAED344000C3CEC /* ClothingView.swift in Sources */,
				D67168D82BB00962000C3CEC /* HKIView.swift in Sources */,
				D67168F12BB34805000C3CEC /* KLSCIRow.swift in Sources */,
			);
			runOnlyForDeploymentPostprocessing = 0;
		};
		D67168B22BA9EC86000C3CEC /* Sources */ = {
			isa = PBXSourcesBuildPhase;
			buildActionMask = 2147483647;
			files = (
				D67168BB2BA9EC86000C3CEC /* Individual_ProjectTests.swift in Sources */,
			);
			runOnlyForDeploymentPostprocessing = 0;
		};
		D67168BC2BA9EC86000C3CEC /* Sources */ = {
			isa = PBXSourcesBuildPhase;
			buildActionMask = 2147483647;
			files = (
				D67168C52BA9EC86000C3CEC /* Individual_ProjectUITests.swift in Sources */,
				D67168C72BA9EC86000C3CEC /* Individual_ProjectUITestsLaunchTests.swift in Sources */,
			);
			runOnlyForDeploymentPostprocessing = 0;
		};
/* End PBXSourcesBuildPhase section */

/* Begin PBXTargetDependency section */
		D67168B82BA9EC86000C3CEC /* PBXTargetDependency */ = {
			isa = PBXTargetDependency;
			target = D67168A52BA9EC81000C3CEC /* Individual Project */;
			targetProxy = D67168B72BA9EC86000C3CEC /* PBXContainerItemProxy */;
		};
		D67168C22BA9EC86000C3CEC /* PBXTargetDependency */ = {
			isa = PBXTargetDependency;
			target = D67168A52BA9EC81000C3CEC /* Individual Project */;
			targetProxy = D67168C12BA9EC86000C3CEC /* PBXContainerItemProxy */;
		};
/* End PBXTargetDependency section */

/* Begin XCBuildConfiguration section */
		D67168C82BA9EC86000C3CEC /* Debug */ = {
			isa = XCBuildConfiguration;
			buildSettings = {
				ALWAYS_SEARCH_USER_PATHS = NO;
				ASSETCATALOG_COMPILER_GENERATE_SWIFT_ASSET_SYMBOL_EXTENSIONS = YES;
				CLANG_ANALYZER_NONNULL = YES;
				CLANG_ANALYZER_NUMBER_OBJECT_CONVERSION = YES_AGGRESSIVE;
				CLANG_CXX_LANGUAGE_STANDARD = "gnu++20";
				CLANG_ENABLE_MODULES = YES;
				CLANG_ENABLE_OBJC_ARC = YES;
				CLANG_ENABLE_OBJC_WEAK = YES;
				CLANG_WARN_BLOCK_CAPTURE_AUTORELEASING = YES;
				CLANG_WARN_BOOL_CONVERSION = YES;
				CLANG_WARN_COMMA = YES;
				CLANG_WARN_CONSTANT_CONVERSION = YES;
				CLANG_WARN_DEPRECATED_OBJC_IMPLEMENTATIONS = YES;
				CLANG_WARN_DIRECT_OBJC_ISA_USAGE = YES_ERROR;
				CLANG_WARN_DOCUMENTATION_COMMENTS = YES;
				CLANG_WARN_EMPTY_BODY = YES;
				CLANG_WARN_ENUM_CONVERSION = YES;
				CLANG_WARN_INFINITE_RECURSION = YES;
				CLANG_WARN_INT_CONVERSION = YES;
				CLANG_WARN_NON_LITERAL_NULL_CONVERSION = YES;
				CLANG_WARN_OBJC_IMPLICIT_RETAIN_SELF = YES;
				CLANG_WARN_OBJC_LITERAL_CONVERSION = YES;
				CLANG_WARN_OBJC_ROOT_CLASS = YES_ERROR;
				CLANG_WARN_QUOTED_INCLUDE_IN_FRAMEWORK_HEADER = YES;
				CLANG_WARN_RANGE_LOOP_ANALYSIS = YES;
				CLANG_WARN_STRICT_PROTOTYPES = YES;
				CLANG_WARN_SUSPICIOUS_MOVE = YES;
				CLANG_WARN_UNGUARDED_AVAILABILITY = YES_AGGRESSIVE;
				CLANG_WARN_UNREACHABLE_CODE = YES;
				CLANG_WARN__DUPLICATE_METHOD_MATCH = YES;
				COPY_PHASE_STRIP = NO;
				DEBUG_INFORMATION_FORMAT = dwarf;
				ENABLE_STRICT_OBJC_MSGSEND = YES;
				ENABLE_TESTABILITY = YES;
				ENABLE_USER_SCRIPT_SANDBOXING = YES;
				GCC_C_LANGUAGE_STANDARD = gnu17;
				GCC_DYNAMIC_NO_PIC = NO;
				GCC_NO_COMMON_BLOCKS = YES;
				GCC_OPTIMIZATION_LEVEL = 0;
				GCC_PREPROCESSOR_DEFINITIONS = (
					"DEBUG=1",
					"$(inherited)",
				);
				GCC_WARN_64_TO_32_BIT_CONVERSION = YES;
				GCC_WARN_ABOUT_RETURN_TYPE = YES_ERROR;
				GCC_WARN_UNDECLARED_SELECTOR = YES;
				GCC_WARN_UNINITIALIZED_AUTOS = YES_AGGRESSIVE;
				GCC_WARN_UNUSED_FUNCTION = YES;
				GCC_WARN_UNUSED_VARIABLE = YES;
				IPHONEOS_DEPLOYMENT_TARGET = 17.2;
				LOCALIZATION_PREFERS_STRING_CATALOGS = YES;
				MTL_ENABLE_DEBUG_INFO = INCLUDE_SOURCE;
				MTL_FAST_MATH = YES;
				ONLY_ACTIVE_ARCH = YES;
				SDKROOT = iphoneos;
				SWIFT_ACTIVE_COMPILATION_CONDITIONS = "DEBUG $(inherited)";
				SWIFT_OPTIMIZATION_LEVEL = "-Onone";
			};
			name = Debug;
		};
		D67168C92BA9EC86000C3CEC /* Release */ = {
			isa = XCBuildConfiguration;
			buildSettings = {
				ALWAYS_SEARCH_USER_PATHS = NO;
				ASSETCATALOG_COMPILER_GENERATE_SWIFT_ASSET_SYMBOL_EXTENSIONS = YES;
				CLANG_ANALYZER_NONNULL = YES;
				CLANG_ANALYZER_NUMBER_OBJECT_CONVERSION = YES_AGGRESSIVE;
				CLANG_CXX_LANGUAGE_STANDARD = "gnu++20";
				CLANG_ENABLE_MODULES = YES;
				CLANG_ENABLE_OBJC_ARC = YES;
				CLANG_ENABLE_OBJC_WEAK = YES;
				CLANG_WARN_BLOCK_CAPTURE_AUTORELEASING = YES;
				CLANG_WARN_BOOL_CONVERSION = YES;
				CLANG_WARN_COMMA = YES;
				CLANG_WARN_CONSTANT_CONVERSION = YES;
				CLANG_WARN_DEPRECATED_OBJC_IMPLEMENTATIONS = YES;
				CLANG_WARN_DIRECT_OBJC_ISA_USAGE = YES_ERROR;
				CLANG_WARN_DOCUMENTATION_COMMENTS = YES;
				CLANG_WARN_EMPTY_BODY = YES;
				CLANG_WARN_ENUM_CONVERSION = YES;
				CLANG_WARN_INFINITE_RECURSION = YES;
				CLANG_WARN_INT_CONVERSION = YES;
				CLANG_WARN_NON_LITERAL_NULL_CONVERSION = YES;
				CLANG_WARN_OBJC_IMPLICIT_RETAIN_SELF = YES;
				CLANG_WARN_OBJC_LITERAL_CONVERSION = YES;
				CLANG_WARN_OBJC_ROOT_CLASS = YES_ERROR;
				CLANG_WARN_QUOTED_INCLUDE_IN_FRAMEWORK_HEADER = YES;
				CLANG_WARN_RANGE_LOOP_ANALYSIS = YES;
				CLANG_WARN_STRICT_PROTOTYPES = YES;
				CLANG_WARN_SUSPICIOUS_MOVE = YES;
				CLANG_WARN_UNGUARDED_AVAILABILITY = YES_AGGRESSIVE;
				CLANG_WARN_UNREACHABLE_CODE = YES;
				CLANG_WARN__DUPLICATE_METHOD_MATCH = YES;
				COPY_PHASE_STRIP = NO;
				DEBUG_INFORMATION_FORMAT = "dwarf-with-dsym";
				ENABLE_NS_ASSERTIONS = NO;
				ENABLE_STRICT_OBJC_MSGSEND = YES;
				ENABLE_USER_SCRIPT_SANDBOXING = YES;
				GCC_C_LANGUAGE_STANDARD = gnu17;
				GCC_NO_COMMON_BLOCKS = YES;
				GCC_WARN_64_TO_32_BIT_CONVERSION = YES;
				GCC_WARN_ABOUT_RETURN_TYPE = YES_ERROR;
				GCC_WARN_UNDECLARED_SELECTOR = YES;
				GCC_WARN_UNINITIALIZED_AUTOS = YES_AGGRESSIVE;
				GCC_WARN_UNUSED_FUNCTION = YES;
				GCC_WARN_UNUSED_VARIABLE = YES;
				IPHONEOS_DEPLOYMENT_TARGET = 17.2;
				LOCALIZATION_PREFERS_STRING_CATALOGS = YES;
				MTL_ENABLE_DEBUG_INFO = NO;
				MTL_FAST_MATH = YES;
				SDKROOT = iphoneos;
				SWIFT_COMPILATION_MODE = wholemodule;
				VALIDATE_PRODUCT = YES;
			};
			name = Release;
		};
		D67168CB2BA9EC86000C3CEC /* Debug */ = {
			isa = XCBuildConfiguration;
			buildSettings = {
				ASSETCATALOG_COMPILER_APPICON_NAME = AppIcon;
				ASSETCATALOG_COMPILER_GLOBAL_ACCENT_COLOR_NAME = AccentColor;
				CODE_SIGN_STYLE = Automatic;
				CURRENT_PROJECT_VERSION = 1;
				DEVELOPMENT_ASSET_PATHS = "\"Individual Project/Preview Content\"";
				ENABLE_PREVIEWS = YES;
				GENERATE_INFOPLIST_FILE = YES;
				INFOPLIST_KEY_UIApplicationSceneManifest_Generation = YES;
				INFOPLIST_KEY_UIApplicationSupportsIndirectInputEvents = YES;
				INFOPLIST_KEY_UILaunchScreen_Generation = YES;
				INFOPLIST_KEY_UISupportedInterfaceOrientations_iPad = "UIInterfaceOrientationPortrait UIInterfaceOrientationPortraitUpsideDown UIInterfaceOrientationLandscapeLeft UIInterfaceOrientationLandscapeRight";
				INFOPLIST_KEY_UISupportedInterfaceOrientations_iPhone = "UIInterfaceOrientationPortrait UIInterfaceOrientationLandscapeLeft UIInterfaceOrientationLandscapeRight";
				LD_RUNPATH_SEARCH_PATHS = (
					"$(inherited)",
					"@executable_path/Frameworks",
				);
				MARKETING_VERSION = 1.0;
				PRODUCT_BUNDLE_IDENTIFIER = "hk.edu.vtc.stu.Individual-Project";
				PRODUCT_NAME = "$(TARGET_NAME)";
				SWIFT_EMIT_LOC_STRINGS = YES;
				SWIFT_VERSION = 5.0;
				TARGETED_DEVICE_FAMILY = "1,2";
			};
			name = Debug;
		};
		D67168CC2BA9EC86000C3CEC /* Release */ = {
			isa = XCBuildConfiguration;
			buildSettings = {
				ASSETCATALOG_COMPILER_APPICON_NAME = AppIcon;
				ASSETCATALOG_COMPILER_GLOBAL_ACCENT_COLOR_NAME = AccentColor;
				CODE_SIGN_STYLE = Automatic;
				CURRENT_PROJECT_VERSION = 1;
				DEVELOPMENT_ASSET_PATHS = "\"Individual Project/Preview Content\"";
				ENABLE_PREVIEWS = YES;
				GENERATE_INFOPLIST_FILE = YES;
				INFOPLIST_KEY_UIApplicationSceneManifest_Generation = YES;
				INFOPLIST_KEY_UIApplicationSupportsIndirectInputEvents = YES;
				INFOPLIST_KEY_UILaunchScreen_Generation = YES;
				INFOPLIST_KEY_UISupportedInterfaceOrientations_iPad = "UIInterfaceOrientationPortrait UIInterfaceOrientationPortraitUpsideDown UIInterfaceOrientationLandscapeLeft UIInterfaceOrientationLandscapeRight";
				INFOPLIST_KEY_UISupportedInterfaceOrientations_iPhone = "UIInterfaceOrientationPortrait UIInterfaceOrientationLandscapeLeft UIInterfaceOrientationLandscapeRight";
				LD_RUNPATH_SEARCH_PATHS = (
					"$(inherited)",
					"@executable_path/Frameworks",
				);
				MARKETING_VERSION = 1.0;
				PRODUCT_BUNDLE_IDENTIFIER = "hk.edu.vtc.stu.Individual-Project";
				PRODUCT_NAME = "$(TARGET_NAME)";
				SWIFT_EMIT_LOC_STRINGS = YES;
				SWIFT_VERSION = 5.0;
				TARGETED_DEVICE_FAMILY = "1,2";
			};
			name = Release;
		};
		D67168CE2BA9EC86000C3CEC /* Debug */ = {
			isa = XCBuildConfiguration;
			buildSettings = {
				ALWAYS_EMBED_SWIFT_STANDARD_LIBRARIES = YES;
				BUNDLE_LOADER = "$(TEST_HOST)";
				CODE_SIGN_STYLE = Automatic;
				CURRENT_PROJECT_VERSION = 1;
				GENERATE_INFOPLIST_FILE = YES;
				IPHONEOS_DEPLOYMENT_TARGET = 17.2;
				MARKETING_VERSION = 1.0;
				PRODUCT_BUNDLE_IDENTIFIER = "hk.edu.vtc.stu.Individual-ProjectTests";
				PRODUCT_NAME = "$(TARGET_NAME)";
				SWIFT_EMIT_LOC_STRINGS = NO;
				SWIFT_VERSION = 5.0;
				TARGETED_DEVICE_FAMILY = "1,2";
				TEST_HOST = "$(BUILT_PRODUCTS_DIR)/Individual Project.app/$(BUNDLE_EXECUTABLE_FOLDER_PATH)/Individual Project";
			};
			name = Debug;
		};
		D67168CF2BA9EC86000C3CEC /* Release */ = {
			isa = XCBuildConfiguration;
			buildSettings = {
				ALWAYS_EMBED_SWIFT_STANDARD_LIBRARIES = YES;
				BUNDLE_LOADER = "$(TEST_HOST)";
				CODE_SIGN_STYLE = Automatic;
				CURRENT_PROJECT_VERSION = 1;
				GENERATE_INFOPLIST_FILE = YES;
				IPHONEOS_DEPLOYMENT_TARGET = 17.2;
				MARKETING_VERSION = 1.0;
				PRODUCT_BUNDLE_IDENTIFIER = "hk.edu.vtc.stu.Individual-ProjectTests";
				PRODUCT_NAME = "$(TARGET_NAME)";
				SWIFT_EMIT_LOC_STRINGS = NO;
				SWIFT_VERSION = 5.0;
				TARGETED_DEVICE_FAMILY = "1,2";
				TEST_HOST = "$(BUILT_PRODUCTS_DIR)/Individual Project.app/$(BUNDLE_EXECUTABLE_FOLDER_PATH)/Individual Project";
			};
			name = Release;
		};
		D67168D12BA9EC86000C3CEC /* Debug */ = {
			isa = XCBuildConfiguration;
			buildSettings = {
				ALWAYS_EMBED_SWIFT_STANDARD_LIBRARIES = YES;
				CODE_SIGN_STYLE = Automatic;
				CURRENT_PROJECT_VERSION = 1;
				GENERATE_INFOPLIST_FILE = YES;
				MARKETING_VERSION = 1.0;
				PRODUCT_BUNDLE_IDENTIFIER = "hk.edu.vtc.stu.Individual-ProjectUITests";
				PRODUCT_NAME = "$(TARGET_NAME)";
				SWIFT_EMIT_LOC_STRINGS = NO;
				SWIFT_VERSION = 5.0;
				TARGETED_DEVICE_FAMILY = "1,2";
				TEST_TARGET_NAME = "Individual Project";
			};
			name = Debug;
		};
		D67168D22BA9EC86000C3CEC /* Release */ = {
			isa = XCBuildConfiguration;
			buildSettings = {
				ALWAYS_EMBED_SWIFT_STANDARD_LIBRARIES = YES;
				CODE_SIGN_STYLE = Automatic;
				CURRENT_PROJECT_VERSION = 1;
				GENERATE_INFOPLIST_FILE = YES;
				MARKETING_VERSION = 1.0;
				PRODUCT_BUNDLE_IDENTIFIER = "hk.edu.vtc.stu.Individual-ProjectUITests";
				PRODUCT_NAME = "$(TARGET_NAME)";
				SWIFT_EMIT_LOC_STRINGS = NO;
				SWIFT_VERSION = 5.0;
				TARGETED_DEVICE_FAMILY = "1,2";
				TEST_TARGET_NAME = "Individual Project";
			};
			name = Release;
		};
/* End XCBuildConfiguration section */

/* Begin XCConfigurationList section */
		D67168A12BA9EC81000C3CEC /* Build configuration list for PBXProject "Individual Project" */ = {
			isa = XCConfigurationList;
			buildConfigurations = (
				D67168C82BA9EC86000C3CEC /* Debug */,
				D67168C92BA9EC86000C3CEC /* Release */,
			);
			defaultConfigurationIsVisible = 0;
			defaultConfigurationName = Release;
		};
		D67168CA2BA9EC86000C3CEC /* Build configuration list for PBXNativeTarget "Individual Project" */ = {
			isa = XCConfigurationList;
			buildConfigurations = (
				D67168CB2BA9EC86000C3CEC /* Debug */,
				D67168CC2BA9EC86000C3CEC /* Release */,
			);
			defaultConfigurationIsVisible = 0;
			defaultConfigurationName = Release;
		};
		D67168CD2BA9EC86000C3CEC /* Build configuration list for PBXNativeTarget "Individual ProjectTests" */ = {
			isa = XCConfigurationList;
			buildConfigurations = (
				D67168CE2BA9EC86000C3CEC /* Debug */,
				D67168CF2BA9EC86000C3CEC /* Release */,
			);
			defaultConfigurationIsVisible = 0;
			defaultConfigurationName = Release;
		};
		D67168D02BA9EC86000C3CEC /* Build configuration list for PBXNativeTarget "Individual ProjectUITests" */ = {
			isa = XCConfigurationList;
			buildConfigurations = (
				D67168D12BA9EC86000C3CEC /* Debug */,
				D67168D22BA9EC86000C3CEC /* Release */,
			);
			defaultConfigurationIsVisible = 0;
			defaultConfigurationName = Release;
		};
/* End XCConfigurationList section */
	};
	rootObject = D671689E2BA9EC81000C3CEC /* Project object */;
}
