// !$*UTF8*$!
{
	archiveVersion = 1;
	classes = {
	};
	objectVersion = 56;
	objects = {

/* Begin PBXBuildFile section */
		D62EF8272C7CF0D20094B1CB /* RouteLocationManager.swift in Sources */ = {isa = PBXBuildFile; fileRef = D62EF8262C7CF0D20094B1CB /* RouteLocationManager.swift */; };
		D62EF8292C7CF5D90094B1CB /* RouteLocationDetailView.swift in Sources */ = {isa = PBXBuildFile; fileRef = D62EF8282C7CF5D90094B1CB /* RouteLocationDetailView.swift */; };
		D64DB0322BFB900500773931 /* ToiletView.swift in Sources */ = {isa = PBXBuildFile; fileRef = D64DB0312BFB900500773931 /* ToiletView.swift */; };
		D64DB03D2BFCA43C00773931 /* FoodView.swift in Sources */ = {isa = PBXBuildFile; fileRef = D64DB03C2BFCA43C00773931 /* FoodView.swift */; };
		D67168AA2BA9EC81000C3CEC /* Individual_ProjectApp.swift in Sources */ = {isa = PBXBuildFile; fileRef = D67168A92BA9EC81000C3CEC /* Individual_ProjectApp.swift */; };
		D67168AC2BA9EC82000C3CEC /* ContentView.swift in Sources */ = {isa = PBXBuildFile; fileRef = D67168AB2BA9EC82000C3CEC /* ContentView.swift */; };
		D67168AE2BA9EC85000C3CEC /* Assets.xcassets in Resources */ = {isa = PBXBuildFile; fileRef = D67168AD2BA9EC85000C3CEC /* Assets.xcassets */; };
		D67168B12BA9EC85000C3CEC /* Preview Assets.xcassets in Resources */ = {isa = PBXBuildFile; fileRef = D67168B02BA9EC85000C3CEC /* Preview Assets.xcassets */; };
		D67168BB2BA9EC86000C3CEC /* Individual_ProjectTests.swift in Sources */ = {isa = PBXBuildFile; fileRef = D67168BA2BA9EC86000C3CEC /* Individual_ProjectTests.swift */; };
		D67168C52BA9EC86000C3CEC /* Individual_ProjectUITests.swift in Sources */ = {isa = PBXBuildFile; fileRef = D67168C42BA9EC86000C3CEC /* Individual_ProjectUITests.swift */; };
		D67168C72BA9EC86000C3CEC /* Individual_ProjectUITestsLaunchTests.swift in Sources */ = {isa = PBXBuildFile; fileRef = D67168C62BA9EC86000C3CEC /* Individual_ProjectUITestsLaunchTests.swift */; };
		D67168D42BAED344000C3CEC /* ClothingView.swift in Sources */ = {isa = PBXBuildFile; fileRef = D67168D32BAED344000C3CEC /* ClothingView.swift */; };
		D67168E92BB33918000C3CEC /* KLSC.swift in Sources */ = {isa = PBXBuildFile; fileRef = D67168E82BB33918000C3CEC /* KLSC.swift */; };
		D67168EB2BB33A7B000C3CEC /* KLSCList.swift in Sources */ = {isa = PBXBuildFile; fileRef = D67168EA2BB33A7B000C3CEC /* KLSCList.swift */; };
		D67168ED2BB33B95000C3CEC /* KLDataModel.swift in Sources */ = {isa = PBXBuildFile; fileRef = D67168EC2BB33B95000C3CEC /* KLDataModel.swift */; };
		D67168EF2BB33CF3000C3CEC /* KLSCData.json in Resources */ = {isa = PBXBuildFile; fileRef = D67168EE2BB33CF3000C3CEC /* KLSCData.json */; };
		D67168F12BB34805000C3CEC /* KLSCIRow.swift in Sources */ = {isa = PBXBuildFile; fileRef = D67168F02BB34805000C3CEC /* KLSCIRow.swift */; };
		D67168F32BB34A93000C3CEC /* KLSCDetail.swift in Sources */ = {isa = PBXBuildFile; fileRef = D67168F22BB34A93000C3CEC /* KLSCDetail.swift */; };
		D67168F52BB34B47000C3CEC /* RoundImage.swift in Sources */ = {isa = PBXBuildFile; fileRef = D67168F42BB34B47000C3CEC /* RoundImage.swift */; };
		D67168F72BB34C04000C3CEC /* MapView.swift in Sources */ = {isa = PBXBuildFile; fileRef = D67168F62BB34C04000C3CEC /* MapView.swift */; };
		D679B0612C865E41004A64FA /* Food Model.swift in Sources */ = {isa = PBXBuildFile; fileRef = D679B0602C865E41004A64FA /* Food Model.swift */; };
		D679B0632C865EC9004A64FA /* FoodDetailView.swift in Sources */ = {isa = PBXBuildFile; fileRef = D679B0622C865EC9004A64FA /* FoodDetailView.swift */; };
		D6AA1FEC2C8F895C0027C868 /* HousingView.swift in Sources */ = {isa = PBXBuildFile; fileRef = D6AA1FEB2C8F895C0027C868 /* HousingView.swift */; };
		D6AA1FF52C8F89BC0027C868 /* Housing Data.swift in Sources */ = {isa = PBXBuildFile; fileRef = D6AA1FED2C8F89AC0027C868 /* Housing Data.swift */; };
		D6AA1FF62C8F89BC0027C868 /* List Model.swift in Sources */ = {isa = PBXBuildFile; fileRef = D6AA1FEE2C8F89AD0027C868 /* List Model.swift */; };
		D6AA1FF72C8F89BC0027C868 /* HousingListDetailView.swift in Sources */ = {isa = PBXBuildFile; fileRef = D6AA1FEF2C8F89AF0027C868 /* HousingListDetailView.swift */; };
		D6AA1FF82C8F89BC0027C868 /* HousingService.swift in Sources */ = {isa = PBXBuildFile; fileRef = D6AA1FF02C8F89B20027C868 /* HousingService.swift */; };
		D6AA1FF92C8F89BC0027C868 /* Region.swift in Sources */ = {isa = PBXBuildFile; fileRef = D6AA1FF12C8F89B50027C868 /* Region.swift */; };
		D6AA1FFA2C8F89BC0027C868 /* HousingViewModel.swift in Sources */ = {isa = PBXBuildFile; fileRef = D6AA1FF22C8F89B70027C868 /* HousingViewModel.swift */; };
		D6AA1FFB2C8F89BC0027C868 /* HousingListImageView.swift in Sources */ = {isa = PBXBuildFile; fileRef = D6AA1FF32C8F89BB0027C868 /* HousingListImageView.swift */; };
		D6AA1FFE2C8F9CBD0027C868 /* ClothingList.swift in Sources */ = {isa = PBXBuildFile; fileRef = D6AA1FFD2C8F9CBD0027C868 /* ClothingList.swift */; };
		D6AA20002C8F9CF60027C868 /* Clothing.swift in Sources */ = {isa = PBXBuildFile; fileRef = D6AA1FFF2C8F9CF60027C868 /* Clothing.swift */; };
		D6AA20022C8F9D220027C868 /* ClothingDataModel.swift in Sources */ = {isa = PBXBuildFile; fileRef = D6AA20012C8F9D220027C868 /* ClothingDataModel.swift */; };
		D6AA20042C8F9D760027C868 /* ClothingRow.swift in Sources */ = {isa = PBXBuildFile; fileRef = D6AA20032C8F9D760027C868 /* ClothingRow.swift */; };
		D6AA20062C8F9DE10027C868 /* ClothingDetail.swift in Sources */ = {isa = PBXBuildFile; fileRef = D6AA20052C8F9DE10027C868 /* ClothingDetail.swift */; };
		D6AA200B2C8F9EAC0027C868 /* clothingData.json in Resources */ = {isa = PBXBuildFile; fileRef = D6AA200A2C8F9EAC0027C868 /* clothingData.json */; };
		D6AA20712C8FDC630027C868 /* HousingListItemView.swift in Sources */ = {isa = PBXBuildFile; fileRef = D6AA20702C8FDC630027C868 /* HousingListItemView.swift */; };
		D6B7BDA52C879C1100E0FAD7 /* FoodSearch.swift in Sources */ = {isa = PBXBuildFile; fileRef = D6B7BDA42C879C1100E0FAD7 /* FoodSearch.swift */; };
		D6B7F8452C6B262F00C11841 /* GPSView.swift in Sources */ = {isa = PBXBuildFile; fileRef = D6B7F8442C6B262F00C11841 /* GPSView.swift */; };
		D6B7F8472C6B277E00C11841 /* LocationView.swift in Sources */ = {isa = PBXBuildFile; fileRef = D6B7F8462C6B277E00C11841 /* LocationView.swift */; };
		D6B7F8492C6B2EEF00C11841 /* Location Model.swift in Sources */ = {isa = PBXBuildFile; fileRef = D6B7F8482C6B2EEF00C11841 /* Location Model.swift */; };
		D6B7F8552C7A723E00C11841 /* RouteMapView.swift in Sources */ = {isa = PBXBuildFile; fileRef = D6B7F8542C7A723E00C11841 /* RouteMapView.swift */; };
		D6B7F8572C7A730200C11841 /* RouteMapManager.swift in Sources */ = {isa = PBXBuildFile; fileRef = D6B7F8562C7A730200C11841 /* RouteMapManager.swift */; };
		D6B7F85C2C7A798B00C11841 /* Destination.swift in Sources */ = {isa = PBXBuildFile; fileRef = D6B7F85B2C7A798B00C11841 /* Destination.swift */; };
		D6B7F85E2C7A7A4400C11841 /* ToileLocation.swift in Sources */ = {isa = PBXBuildFile; fileRef = D6B7F85D2C7A7A4400C11841 /* ToileLocation.swift */; };
		D6D63ABA2BEB545E00D176C4 /* HKIList.swift in Sources */ = {isa = PBXBuildFile; fileRef = D6D63AB92BEB545E00D176C4 /* HKIList.swift */; };
		D6D63ABC2BEB548B00D176C4 /* HKI.swift in Sources */ = {isa = PBXBuildFile; fileRef = D6D63ABB2BEB548B00D176C4 /* HKI.swift */; };
		D6D63ABE2BEB54AF00D176C4 /* HKIDataModel.swift in Sources */ = {isa = PBXBuildFile; fileRef = D6D63ABD2BEB54AF00D176C4 /* HKIDataModel.swift */; };
		D6D63AC02BEB54D500D176C4 /* HKIRow.swift in Sources */ = {isa = PBXBuildFile; fileRef = D6D63ABF2BEB54D500D176C4 /* HKIRow.swift */; };
		D6D63AC22BEB550100D176C4 /* HKIData.json in Resources */ = {isa = PBXBuildFile; fileRef = D6D63AC12BEB550100D176C4 /* HKIData.json */; };
		D6D63AC42BEB551900D176C4 /* HKIDetail.swift in Sources */ = {isa = PBXBuildFile; fileRef = D6D63AC32BEB551900D176C4 /* HKIDetail.swift */; };
/* End PBXBuildFile section */

/* Begin PBXContainerItemProxy section */
		D67168B72BA9EC86000C3CEC /* PBXContainerItemProxy */ = {
			isa = PBXContainerItemProxy;
			containerPortal = D671689E2BA9EC81000C3CEC /* Project object */;
			proxyType = 1;
			remoteGlobalIDString = D67168A52BA9EC81000C3CEC;
			remoteInfo = "Individual Project";
		};
		D67168C12BA9EC86000C3CEC /* PBXContainerItemProxy */ = {
			isa = PBXContainerItemProxy;
			containerPortal = D671689E2BA9EC81000C3CEC /* Project object */;
			proxyType = 1;
			remoteGlobalIDString = D67168A52BA9EC81000C3CEC;
			remoteInfo = "Individual Project";
		};
/* End PBXContainerItemProxy section */

/* Begin PBXFileReference section */
		D62EF8262C7CF0D20094B1CB /* RouteLocationManager.swift */ = {isa = PBXFileReference; lastKnownFileType = sourcecode.swift; path = RouteLocationManager.swift; sourceTree = "<group>"; };
		D62EF8282C7CF5D90094B1CB /* RouteLocationDetailView.swift */ = {isa = PBXFileReference; lastKnownFileType = sourcecode.swift; path = RouteLocationDetailView.swift; sourceTree = "<group>"; };
		D64DB0312BFB900500773931 /* ToiletView.swift */ = {isa = PBXFileReference; lastKnownFileType = sourcecode.swift; path = ToiletView.swift; sourceTree = "<group>"; };
		D64DB03C2BFCA43C00773931 /* FoodView.swift */ = {isa = PBXFileReference; lastKnownFileType = sourcecode.swift; path = FoodView.swift; sourceTree = "<group>"; };
		D67168A62BA9EC81000C3CEC /* Individual Project.app */ = {isa = PBXFileReference; explicitFileType = wrapper.application; includeInIndex = 0; path = "Individual Project.app"; sourceTree = BUILT_PRODUCTS_DIR; };
		D67168A92BA9EC81000C3CEC /* Individual_ProjectApp.swift */ = {isa = PBXFileReference; lastKnownFileType = sourcecode.swift; path = Individual_ProjectApp.swift; sourceTree = "<group>"; };
		D67168AB2BA9EC82000C3CEC /* ContentView.swift */ = {isa = PBXFileReference; lastKnownFileType = sourcecode.swift; path = ContentView.swift; sourceTree = "<group>"; };
		D67168AD2BA9EC85000C3CEC /* Assets.xcassets */ = {isa = PBXFileReference; lastKnownFileType = folder.assetcatalog; path = Assets.xcassets; sourceTree = "<group>"; };
		D67168B02BA9EC85000C3CEC /* Preview Assets.xcassets */ = {isa = PBXFileReference; lastKnownFileType = folder.assetcatalog; path = "Preview Assets.xcassets"; sourceTree = "<group>"; };
		D67168B62BA9EC86000C3CEC /* Individual ProjectTests.xctest */ = {isa = PBXFileReference; explicitFileType = wrapper.cfbundle; includeInIndex = 0; path = "Individual ProjectTests.xctest"; sourceTree = BUILT_PRODUCTS_DIR; };
		D67168BA2BA9EC86000C3CEC /* Individual_ProjectTests.swift */ = {isa = PBXFileReference; lastKnownFileType = sourcecode.swift; path = Individual_ProjectTests.swift; sourceTree = "<group>"; };
		D67168C02BA9EC86000C3CEC /* Individual ProjectUITests.xctest */ = {isa = PBXFileReference; explicitFileType = wrapper.cfbundle; includeInIndex = 0; path = "Individual ProjectUITests.xctest"; sourceTree = BUILT_PRODUCTS_DIR; };
		D67168C42BA9EC86000C3CEC /* Individual_ProjectUITests.swift */ = {isa = PBXFileReference; lastKnownFileType = sourcecode.swift; path = Individual_ProjectUITests.swift; sourceTree = "<group>"; };
		D67168C62BA9EC86000C3CEC /* Individual_ProjectUITestsLaunchTests.swift */ = {isa = PBXFileReference; lastKnownFileType = sourcecode.swift; path = Individual_ProjectUITestsLaunchTests.swift; sourceTree = "<group>"; };
		D67168D32BAED344000C3CEC /* ClothingView.swift */ = {isa = PBXFileReference; lastKnownFileType = sourcecode.swift; path = ClothingView.swift; sourceTree = "<group>"; };
		D67168E82BB33918000C3CEC /* KLSC.swift */ = {isa = PBXFileReference; lastKnownFileType = sourcecode.swift; path = KLSC.swift; sourceTree = "<group>"; };
		D67168EA2BB33A7B000C3CEC /* KLSCList.swift */ = {isa = PBXFileReference; lastKnownFileType = sourcecode.swift; path = KLSCList.swift; sourceTree = "<group>"; };
		D67168EC2BB33B95000C3CEC /* KLDataModel.swift */ = {isa = PBXFileReference; lastKnownFileType = sourcecode.swift; path = KLDataModel.swift; sourceTree = "<group>"; };
		D67168EE2BB33CF3000C3CEC /* KLSCData.json */ = {isa = PBXFileReference; fileEncoding = 4; lastKnownFileType = text.json; path = KLSCData.json; sourceTree = "<group>"; };
		D67168F02BB34805000C3CEC /* KLSCIRow.swift */ = {isa = PBXFileReference; lastKnownFileType = sourcecode.swift; path = KLSCIRow.swift; sourceTree = "<group>"; };
		D67168F22BB34A93000C3CEC /* KLSCDetail.swift */ = {isa = PBXFileReference; lastKnownFileType = sourcecode.swift; path = KLSCDetail.swift; sourceTree = "<group>"; };
		D67168F42BB34B47000C3CEC /* RoundImage.swift */ = {isa = PBXFileReference; lastKnownFileType = sourcecode.swift; path = RoundImage.swift; sourceTree = "<group>"; };
		D67168F62BB34C04000C3CEC /* MapView.swift */ = {isa = PBXFileReference; lastKnownFileType = sourcecode.swift; path = MapView.swift; sourceTree = "<group>"; };
		D679B0602C865E41004A64FA /* Food Model.swift */ = {isa = PBXFileReference; lastKnownFileType = sourcecode.swift; path = "Food Model.swift"; sourceTree = "<group>"; };
		D679B0622C865EC9004A64FA /* FoodDetailView.swift */ = {isa = PBXFileReference; lastKnownFileType = sourcecode.swift; path = FoodDetailView.swift; sourceTree = "<group>"; };
		D6AA1FEB2C8F895C0027C868 /* HousingView.swift */ = {isa = PBXFileReference; lastKnownFileType = sourcecode.swift; path = HousingView.swift; sourceTree = "<group>"; };
		D6AA1FED2C8F89AC0027C868 /* Housing Data.swift */ = {isa = PBXFileReference; fileEncoding = 4; lastKnownFileType = sourcecode.swift; path = "Housing Data.swift"; sourceTree = "<group>"; };
		D6AA1FEE2C8F89AD0027C868 /* List Model.swift */ = {isa = PBXFileReference; fileEncoding = 4; lastKnownFileType = sourcecode.swift; path = "List Model.swift"; sourceTree = "<group>"; };
		D6AA1FEF2C8F89AF0027C868 /* HousingListDetailView.swift */ = {isa = PBXFileReference; fileEncoding = 4; lastKnownFileType = sourcecode.swift; path = HousingListDetailView.swift; sourceTree = "<group>"; };
		D6AA1FF02C8F89B20027C868 /* HousingService.swift */ = {isa = PBXFileReference; fileEncoding = 4; lastKnownFileType = sourcecode.swift; path = HousingService.swift; sourceTree = "<group>"; };
		D6AA1FF12C8F89B50027C868 /* Region.swift */ = {isa = PBXFileReference; fileEncoding = 4; lastKnownFileType = sourcecode.swift; path = Region.swift; sourceTree = "<group>"; };
		D6AA1FF22C8F89B70027C868 /* HousingViewModel.swift */ = {isa = PBXFileReference; fileEncoding = 4; lastKnownFileType = sourcecode.swift; path = HousingViewModel.swift; sourceTree = "<group>"; };
		D6AA1FF32C8F89BB0027C868 /* HousingListImageView.swift */ = {isa = PBXFileReference; fileEncoding = 4; lastKnownFileType = sourcecode.swift; path = HousingListImageView.swift; sourceTree = "<group>"; };
		D6AA1FFD2C8F9CBD0027C868 /* ClothingList.swift */ = {isa = PBXFileReference; lastKnownFileType = sourcecode.swift; path = ClothingList.swift; sourceTree = "<group>"; };
		D6AA1FFF2C8F9CF60027C868 /* Clothing.swift */ = {isa = PBXFileReference; lastKnownFileType = sourcecode.swift; path = Clothing.swift; sourceTree = "<group>"; };
		D6AA20012C8F9D220027C868 /* ClothingDataModel.swift */ = {isa = PBXFileReference; lastKnownFileType = sourcecode.swift; path = ClothingDataModel.swift; sourceTree = "<group>"; };
		D6AA20032C8F9D760027C868 /* ClothingRow.swift */ = {isa = PBXFileReference; lastKnownFileType = sourcecode.swift; path = ClothingRow.swift; sourceTree = "<group>"; };
		D6AA20052C8F9DE10027C868 /* ClothingDetail.swift */ = {isa = PBXFileReference; lastKnownFileType = sourcecode.swift; path = ClothingDetail.swift; sourceTree = "<group>"; };
		D6AA200A2C8F9EAC0027C868 /* clothingData.json */ = {isa = PBXFileReference; fileEncoding = 4; lastKnownFileType = text.json; path = clothingData.json; sourceTree = "<group>"; };
		D6AA20702C8FDC630027C868 /* HousingListItemView.swift */ = {isa = PBXFileReference; fileEncoding = 4; lastKnownFileType = sourcecode.swift; path = HousingListItemView.swift; sourceTree = "<group>"; };
		D6B7BDA42C879C1100E0FAD7 /* FoodSearch.swift */ = {isa = PBXFileReference; lastKnownFileType = sourcecode.swift; path = FoodSearch.swift; sourceTree = "<group>"; };
		D6B7F8442C6B262F00C11841 /* GPSView.swift */ = {isa = PBXFileReference; lastKnownFileType = sourcecode.swift; path = GPSView.swift; sourceTree = "<group>"; };
		D6B7F8462C6B277E00C11841 /* LocationView.swift */ = {isa = PBXFileReference; lastKnownFileType = sourcecode.swift; path = LocationView.swift; sourceTree = "<group>"; };
		D6B7F8482C6B2EEF00C11841 /* Location Model.swift */ = {isa = PBXFileReference; lastKnownFileType = sourcecode.swift; path = "Location Model.swift"; sourceTree = "<group>"; };
		D6B7F8542C7A723E00C11841 /* RouteMapView.swift */ = {isa = PBXFileReference; lastKnownFileType = sourcecode.swift; path = RouteMapView.swift; sourceTree = "<group>"; };
		D6B7F8562C7A730200C11841 /* RouteMapManager.swift */ = {isa = PBXFileReference; lastKnownFileType = sourcecode.swift; path = RouteMapManager.swift; sourceTree = "<group>"; };
		D6B7F85B2C7A798B00C11841 /* Destination.swift */ = {isa = PBXFileReference; lastKnownFileType = sourcecode.swift; path = Destination.swift; sourceTree = "<group>"; };
		D6B7F85D2C7A7A4400C11841 /* ToileLocation.swift */ = {isa = PBXFileReference; lastKnownFileType = sourcecode.swift; path = ToileLocation.swift; sourceTree = "<group>"; };
		D6D63AB92BEB545E00D176C4 /* HKIList.swift */ = {isa = PBXFileReference; fileEncoding = 4; lastKnownFileType = sourcecode.swift; path = HKIList.swift; sourceTree = "<group>"; };
		D6D63ABB2BEB548B00D176C4 /* HKI.swift */ = {isa = PBXFileReference; fileEncoding = 4; lastKnownFileType = sourcecode.swift; path = HKI.swift; sourceTree = "<group>"; };
		D6D63ABD2BEB54AF00D176C4 /* HKIDataModel.swift */ = {isa = PBXFileReference; lastKnownFileType = sourcecode.swift; path = HKIDataModel.swift; sourceTree = "<group>"; };
		D6D63ABF2BEB54D500D176C4 /* HKIRow.swift */ = {isa = PBXFileReference; fileEncoding = 4; lastKnownFileType = sourcecode.swift; path = HKIRow.swift; sourceTree = "<group>"; };
		D6D63AC12BEB550100D176C4 /* HKIData.json */ = {isa = PBXFileReference; fileEncoding = 4; lastKnownFileType = text.json; path = HKIData.json; sourceTree = "<group>"; };
		D6D63AC32BEB551900D176C4 /* HKIDetail.swift */ = {isa = PBXFileReference; fileEncoding = 4; lastKnownFileType = sourcecode.swift; path = HKIDetail.swift; sourceTree = "<group>"; };
/* End PBXFileReference section */

/* Begin PBXFrameworksBuildPhase section */
		D67168A32BA9EC81000C3CEC /* Frameworks */ = {
			isa = PBXFrameworksBuildPhase;
			buildActionMask = 2147483647;
			files = (
			);
			runOnlyForDeploymentPostprocessing = 0;
		};
		D67168B32BA9EC86000C3CEC /* Frameworks */ = {
			isa = PBXFrameworksBuildPhase;
			buildActionMask = 2147483647;
			files = (
			);
			runOnlyForDeploymentPostprocessing = 0;
		};
		D67168BD2BA9EC86000C3CEC /* Frameworks */ = {
			isa = PBXFrameworksBuildPhase;
			buildActionMask = 2147483647;
			files = (
			);
			runOnlyForDeploymentPostprocessing = 0;
		};
/* End PBXFrameworksBuildPhase section */

/* Begin PBXGroup section */
		D62EF8252C7CF0B20094B1CB /* Route Services */ = {
			isa = PBXGroup;
			children = (
				D6B7F8562C7A730200C11841 /* RouteMapManager.swift */,
				D62EF8262C7CF0D20094B1CB /* RouteLocationManager.swift */,
			);
			path = "Route Services";
			sourceTree = "<group>";
		};
		D64DB02E2BFB8CE500773931 /* GPS */ = {
			isa = PBXGroup;
			children = (
				D6B7F8442C6B262F00C11841 /* GPSView.swift */,
				D6B7F8462C6B277E00C11841 /* LocationView.swift */,
				D64DB0312BFB900500773931 /* ToiletView.swift */,
				D6B7F8542C7A723E00C11841 /* RouteMapView.swift */,
				D62EF8282C7CF5D90094B1CB /* RouteLocationDetailView.swift */,
			);
			path = GPS;
			sourceTree = "<group>";
		};
		D64DB0372BFBB81600773931 /* Food */ = {
			isa = PBXGroup;
			children = (
				D64DB03C2BFCA43C00773931 /* FoodView.swift */,
				D679B0622C865EC9004A64FA /* FoodDetailView.swift */,
				D679B0602C865E41004A64FA /* Food Model.swift */,
				D6B7BDA42C879C1100E0FAD7 /* FoodSearch.swift */,
			);
			path = Food;
			sourceTree = "<group>";
		};
		D64DB0382BFBB83000773931 /* Housing */ = {
			isa = PBXGroup;
			children = (
				D6AA1FEB2C8F895C0027C868 /* HousingView.swift */,
				D6AA1FF22C8F89B70027C868 /* HousingViewModel.swift */,
				D6AA20722C8FE0560027C868 /* HousingList */,
				D6AA20742C8FE1250027C868 /* Data */,
				D6AA1FF32C8F89BB0027C868 /* HousingListImageView.swift */,
				D6AA1FF02C8F89B20027C868 /* HousingService.swift */,
				D6AA1FF12C8F89B50027C868 /* Region.swift */,
			);
			path = Housing;
			sourceTree = "<group>";
		};
		D64DB0392BFBB84700773931 /* Transportation */ = {
			isa = PBXGroup;
			children = (
			);
			path = Transportation;
			sourceTree = "<group>";
		};
		D671689D2BA9EC81000C3CEC = {
			isa = PBXGroup;
			children = (
				D67168A82BA9EC81000C3CEC /* Individual Project */,
				D67168A72BA9EC81000C3CEC /* Products */,
			);
			sourceTree = "<group>";
		};
		D67168A72BA9EC81000C3CEC /* Products */ = {
			isa = PBXGroup;
			children = (
				D67168A62BA9EC81000C3CEC /* Individual Project.app */,
				D67168B62BA9EC86000C3CEC /* Individual ProjectTests.xctest */,
				D67168C02BA9EC86000C3CEC /* Individual ProjectUITests.xctest */,
			);
			name = Products;
			sourceTree = "<group>";
		};
		D67168A82BA9EC81000C3CEC /* Individual Project */ = {
			isa = PBXGroup;
			children = (
				D67168A92BA9EC81000C3CEC /* Individual_ProjectApp.swift */,
				D67168AB2BA9EC82000C3CEC /* ContentView.swift */,
				D67168D52BAEDB73000C3CEC /* Clothing */,
				D64DB0372BFBB81600773931 /* Food */,
				D64DB0382BFBB83000773931 /* Housing */,
				D64DB0392BFBB84700773931 /* Transportation */,
				D64DB02E2BFB8CE500773931 /* GPS */,
				D6B7F8582C7A778500C11841 /* Model */,
				D62EF8252C7CF0B20094B1CB /* Route Services */,
				D67168AD2BA9EC85000C3CEC /* Assets.xcassets */,
				D67168AF2BA9EC85000C3CEC /* Preview Content */,
				D67168B92BA9EC86000C3CEC /* Individual ProjectTests */,
				D67168C32BA9EC86000C3CEC /* Individual ProjectUITests */,
			);
			path = "Individual Project";
			sourceTree = "<group>";
		};
		D67168AF2BA9EC85000C3CEC /* Preview Content */ = {
			isa = PBXGroup;
			children = (
				D67168B02BA9EC85000C3CEC /* Preview Assets.xcassets */,
			);
			path = "Preview Content";
			sourceTree = "<group>";
		};
		D67168B92BA9EC86000C3CEC /* Individual ProjectTests */ = {
			isa = PBXGroup;
			children = (
				D67168BA2BA9EC86000C3CEC /* Individual_ProjectTests.swift */,
			);
			path = "Individual ProjectTests";
			sourceTree = "<group>";
		};
		D67168C32BA9EC86000C3CEC /* Individual ProjectUITests */ = {
			isa = PBXGroup;
			children = (
				D67168C42BA9EC86000C3CEC /* Individual_ProjectUITests.swift */,
				D67168C62BA9EC86000C3CEC /* Individual_ProjectUITestsLaunchTests.swift */,
			);
			path = "Individual ProjectUITests";
			sourceTree = "<group>";
		};
		D67168D52BAEDB73000C3CEC /* Clothing */ = {
			isa = PBXGroup;
			children = (
				D6AA203A2C8FBA820027C868 /* View */,
				D6AA203B2C8FBA920027C868 /* Model */,
				D6AA203C2C8FBAA20027C868 /* Data */,
				D6D63AB82BEB50DE00D176C4 /* HKI */,
				D67168E12BB32D3B000C3CEC /* KL */,
			);
			path = Clothing;
			sourceTree = "<group>";
		};
		D67168E12BB32D3B000C3CEC /* KL */ = {
			isa = PBXGroup;
			children = (
				D67168EA2BB33A7B000C3CEC /* KLSCList.swift */,
				D67168E82BB33918000C3CEC /* KLSC.swift */,
				D67168EC2BB33B95000C3CEC /* KLDataModel.swift */,
				D67168F02BB34805000C3CEC /* KLSCIRow.swift */,
				D67168F22BB34A93000C3CEC /* KLSCDetail.swift */,
				D67168EE2BB33CF3000C3CEC /* KLSCData.json */,
			);
			path = KL;
			sourceTree = "<group>";
		};
		D6AA203A2C8FBA820027C868 /* View */ = {
			isa = PBXGroup;
			children = (
				D67168D32BAED344000C3CEC /* ClothingView.swift */,
				D6AA1FFD2C8F9CBD0027C868 /* ClothingList.swift */,
				D6AA20032C8F9D760027C868 /* ClothingRow.swift */,
				D6AA20052C8F9DE10027C868 /* ClothingDetail.swift */,
				D67168F42BB34B47000C3CEC /* RoundImage.swift */,
				D67168F62BB34C04000C3CEC /* MapView.swift */,
			);
			path = View;
			sourceTree = "<group>";
		};
		D6AA203B2C8FBA920027C868 /* Model */ = {
			isa = PBXGroup;
			children = (
				D6AA20012C8F9D220027C868 /* ClothingDataModel.swift */,
				D6AA1FFF2C8F9CF60027C868 /* Clothing.swift */,
			);
			path = Model;
			sourceTree = "<group>";
		};
		D6AA203C2C8FBAA20027C868 /* Data */ = {
			isa = PBXGroup;
			children = (
				D6AA200A2C8F9EAC0027C868 /* clothingData.json */,
			);
			path = Data;
			sourceTree = "<group>";
		};
		D6AA20722C8FE0560027C868 /* HousingList */ = {
			isa = PBXGroup;
			children = (
				D6AA20752C8FE2720027C868 /* View */,
				D6AA20732C8FE0D00027C868 /* Model */,
			);
			path = HousingList;
			sourceTree = "<group>";
		};
		D6AA20732C8FE0D00027C868 /* Model */ = {
			isa = PBXGroup;
			children = (
				D6AA1FEE2C8F89AD0027C868 /* List Model.swift */,
			);
			path = Model;
			sourceTree = "<group>";
		};
		D6AA20742C8FE1250027C868 /* Data */ = {
			isa = PBXGroup;
			children = (
				D6AA1FED2C8F89AC0027C868 /* Housing Data.swift */,
			);
			path = Data;
			sourceTree = "<group>";
		};
		D6AA20752C8FE2720027C868 /* View */ = {
			isa = PBXGroup;
			children = (
				D6AA20702C8FDC630027C868 /* HousingListItemView.swift */,
				D6AA1FEF2C8F89AF0027C868 /* HousingListDetailView.swift */,
			);
			path = View;
			sourceTree = "<group>";
		};
		D6B7F8582C7A778500C11841 /* Model */ = {
			isa = PBXGroup;
			children = (
				D6B7F8482C6B2EEF00C11841 /* Location Model.swift */,
				D6B7F85B2C7A798B00C11841 /* Destination.swift */,
				D6B7F85D2C7A7A4400C11841 /* ToileLocation.swift */,
			);
			path = Model;
			sourceTree = "<group>";
		};
		D6D63AB82BEB50DE00D176C4 /* HKI */ = {
			isa = PBXGroup;
			children = (
				D6D63AB92BEB545E00D176C4 /* HKIList.swift */,
				D6D63ABB2BEB548B00D176C4 /* HKI.swift */,
				D6D63ABD2BEB54AF00D176C4 /* HKIDataModel.swift */,
				D6D63ABF2BEB54D500D176C4 /* HKIRow.swift */,
				D6D63AC32BEB551900D176C4 /* HKIDetail.swift */,
				D6D63AC12BEB550100D176C4 /* HKIData.json */,
			);
			path = HKI;
			sourceTree = "<group>";
		};
/* End PBXGroup section */

/* Begin PBXNativeTarget section */
		D67168A52BA9EC81000C3CEC /* Individual Project */ = {
			isa = PBXNativeTarget;
			buildConfigurationList = D67168CA2BA9EC86000C3CEC /* Build configuration list for PBXNativeTarget "Individual Project" */;
			buildPhases = (
				D67168A22BA9EC81000C3CEC /* Sources */,
				D67168A32BA9EC81000C3CEC /* Frameworks */,
				D67168A42BA9EC81000C3CEC /* Resources */,
			);
			buildRules = (
			);
			dependencies = (
			);
			name = "Individual Project";
			productName = "Individual Project";
			productReference = D67168A62BA9EC81000C3CEC /* Individual Project.app */;
			productType = "com.apple.product-type.application";
		};
		D67168B52BA9EC86000C3CEC /* Individual ProjectTests */ = {
			isa = PBXNativeTarget;
			buildConfigurationList = D67168CD2BA9EC86000C3CEC /* Build configuration list for PBXNativeTarget "Individual ProjectTests" */;
			buildPhases = (
				D67168B22BA9EC86000C3CEC /* Sources */,
				D67168B32BA9EC86000C3CEC /* Frameworks */,
				D67168B42BA9EC86000C3CEC /* Resources */,
			);
			buildRules = (
			);
			dependencies = (
				D67168B82BA9EC86000C3CEC /* PBXTargetDependency */,
			);
			name = "Individual ProjectTests";
			productName = "Individual ProjectTests";
			productReference = D67168B62BA9EC86000C3CEC /* Individual ProjectTests.xctest */;
			productType = "com.apple.product-type.bundle.unit-test";
		};
		D67168BF2BA9EC86000C3CEC /* Individual ProjectUITests */ = {
			isa = PBXNativeTarget;
			buildConfigurationList = D67168D02BA9EC86000C3CEC /* Build configuration list for PBXNativeTarget "Individual ProjectUITests" */;
			buildPhases = (
				D67168BC2BA9EC86000C3CEC /* Sources */,
				D67168BD2BA9EC86000C3CEC /* Frameworks */,
				D67168BE2BA9EC86000C3CEC /* Resources */,
			);
			buildRules = (
			);
			dependencies = (
				D67168C22BA9EC86000C3CEC /* PBXTargetDependency */,
			);
			name = "Individual ProjectUITests";
			productName = "Individual ProjectUITests";
			productReference = D67168C02BA9EC86000C3CEC /* Individual ProjectUITests.xctest */;
			productType = "com.apple.product-type.bundle.ui-testing";
		};
/* End PBXNativeTarget section */

/* Begin PBXProject section */
		D671689E2BA9EC81000C3CEC /* Project object */ = {
			isa = PBXProject;
			attributes = {
				BuildIndependentTargetsInParallel = 1;
				LastSwiftUpdateCheck = 1520;
				LastUpgradeCheck = 1520;
				TargetAttributes = {
					D67168A52BA9EC81000C3CEC = {
						CreatedOnToolsVersion = 15.2;
					};
					D67168B52BA9EC86000C3CEC = {
						CreatedOnToolsVersion = 15.2;
						TestTargetID = D67168A52BA9EC81000C3CEC;
					};
					D67168BF2BA9EC86000C3CEC = {
						CreatedOnToolsVersion = 15.2;
						TestTargetID = D67168A52BA9EC81000C3CEC;
					};
				};
			};
			buildConfigurationList = D67168A12BA9EC81000C3CEC /* Build configuration list for PBXProject "Individual Project" */;
			compatibilityVersion = "Xcode 14.0";
			developmentRegion = en;
			hasScannedForEncodings = 0;
			knownRegions = (
				en,
				Base,
			);
			mainGroup = D671689D2BA9EC81000C3CEC;
			productRefGroup = D67168A72BA9EC81000C3CEC /* Products */;
			projectDirPath = "";
			projectRoot = "";
			targets = (
				D67168A52BA9EC81000C3CEC /* Individual Project */,
				D67168B52BA9EC86000C3CEC /* Individual ProjectTests */,
				D67168BF2BA9EC86000C3CEC /* Individual ProjectUITests */,
			);
		};
/* End PBXProject section */

/* Begin PBXResourcesBuildPhase section */
		D67168A42BA9EC81000C3CEC /* Resources */ = {
			isa = PBXResourcesBuildPhase;
			buildActionMask = 2147483647;
			files = (
				D67168B12BA9EC85000C3CEC /* Preview Assets.xcassets in Resources */,
				D67168AE2BA9EC85000C3CEC /* Assets.xcassets in Resources */,
				D6AA200B2C8F9EAC0027C868 /* clothingData.json in Resources */,
				D6D63AC22BEB550100D176C4 /* HKIData.json in Resources */,
				D67168EF2BB33CF3000C3CEC /* KLSCData.json in Resources */,
			);
			runOnlyForDeploymentPostprocessing = 0;
		};
		D67168B42BA9EC86000C3CEC /* Resources */ = {
			isa = PBXResourcesBuildPhase;
			buildActionMask = 2147483647;
			files = (
			);
			runOnlyForDeploymentPostprocessing = 0;
		};
		D67168BE2BA9EC86000C3CEC /* Resources */ = {
			isa = PBXResourcesBuildPhase;
			buildActionMask = 2147483647;
			files = (
			);
			runOnlyForDeploymentPostprocessing = 0;
		};
/* End PBXResourcesBuildPhase section */

/* Begin PBXSourcesBuildPhase section */
		D67168A22BA9EC81000C3CEC /* Sources */ = {
			isa = PBXSourcesBuildPhase;
			buildActionMask = 2147483647;
			files = (
				D6D63ABC2BEB548B00D176C4 /* HKI.swift in Sources */,
				D6B7BDA52C879C1100E0FAD7 /* FoodSearch.swift in Sources */,
				D67168F52BB34B47000C3CEC /* RoundImage.swift in Sources */,
				D6AA1FF82C8F89BC0027C868 /* HousingService.swift in Sources */,
				D67168ED2BB33B95000C3CEC /* KLDataModel.swift in Sources */,
				D6B7F8452C6B262F00C11841 /* GPSView.swift in Sources */,
				D6D63ABE2BEB54AF00D176C4 /* HKIDataModel.swift in Sources */,
				D6AA20712C8FDC630027C868 /* HousingListItemView.swift in Sources */,
				D67168EB2BB33A7B000C3CEC /* KLSCList.swift in Sources */,
				D6D63AC02BEB54D500D176C4 /* HKIRow.swift in Sources */,
				D6D63AC42BEB551900D176C4 /* HKIDetail.swift in Sources */,
				D6AA1FFB2C8F89BC0027C868 /* HousingListImageView.swift in Sources */,
				D6B7F8572C7A730200C11841 /* RouteMapManager.swift in Sources */,
				D6AA1FF72C8F89BC0027C868 /* HousingListDetailView.swift in Sources */,
				D64DB0322BFB900500773931 /* ToiletView.swift in Sources */,
				D6B7F8552C7A723E00C11841 /* RouteMapView.swift in Sources */,
				D6B7F85C2C7A798B00C11841 /* Destination.swift in Sources */,
				D6AA20002C8F9CF60027C868 /* Clothing.swift in Sources */,
				D6AA1FF52C8F89BC0027C868 /* Housing Data.swift in Sources */,
				D6B7F85E2C7A7A4400C11841 /* ToileLocation.swift in Sources */,
				D64DB03D2BFCA43C00773931 /* FoodView.swift in Sources */,
				D6AA1FF92C8F89BC0027C868 /* Region.swift in Sources */,
				D6AA20042C8F9D760027C868 /* ClothingRow.swift in Sources */,
				D6AA20062C8F9DE10027C868 /* ClothingDetail.swift in Sources */,
				D67168F72BB34C04000C3CEC /* MapView.swift in Sources */,
				D6AA20022C8F9D220027C868 /* ClothingDataModel.swift in Sources */,
				D6AA1FFE2C8F9CBD0027C868 /* ClothingList.swift in Sources */,
				D67168E92BB33918000C3CEC /* KLSC.swift in Sources */,
				D62EF8292C7CF5D90094B1CB /* RouteLocationDetailView.swift in Sources */,
				D67168AC2BA9EC82000C3CEC /* ContentView.swift in Sources */,
				D62EF8272C7CF0D20094B1CB /* RouteLocationManager.swift in Sources */,
				D6B7F8492C6B2EEF00C11841 /* Location Model.swift in Sources */,
				D67168F32BB34A93000C3CEC /* KLSCDetail.swift in Sources */,
				D6AA1FFA2C8F89BC0027C868 /* HousingViewModel.swift in Sources */,
				D6AA1FEC2C8F895C0027C868 /* HousingView.swift in Sources */,
				D6AA1FF62C8F89BC0027C868 /* List Model.swift in Sources */,
				D6D63ABA2BEB545E00D176C4 /* HKIList.swift in Sources */,
				D67168AA2BA9EC81000C3CEC /* Individual_ProjectApp.swift in Sources */,
				D679B0612C865E41004A64FA /* Food Model.swift in Sources */,
				D67168D42BAED344000C3CEC /* ClothingView.swift in Sources */,
				D679B0632C865EC9004A64FA /* FoodDetailView.swift in Sources */,
				D6B7F8472C6B277E00C11841 /* LocationView.swift in Sources */,
				D67168F12BB34805000C3CEC /* KLSCIRow.swift in Sources */,
			);
			runOnlyForDeploymentPostprocessing = 0;
		};
		D67168B22BA9EC86000C3CEC /* Sources */ = {
			isa = PBXSourcesBuildPhase;
			buildActionMask = 2147483647;
			files = (
				D67168BB2BA9EC86000C3CEC /* Individual_ProjectTests.swift in Sources */,
			);
			runOnlyForDeploymentPostprocessing = 0;
		};
		D67168BC2BA9EC86000C3CEC /* Sources */ = {
			isa = PBXSourcesBuildPhase;
			buildActionMask = 2147483647;
			files = (
				D67168C52BA9EC86000C3CEC /* Individual_ProjectUITests.swift in Sources */,
				D67168C72BA9EC86000C3CEC /* Individual_ProjectUITestsLaunchTests.swift in Sources */,
			);
			runOnlyForDeploymentPostprocessing = 0;
		};
/* End PBXSourcesBuildPhase section */

/* Begin PBXTargetDependency section */
		D67168B82BA9EC86000C3CEC /* PBXTargetDependency */ = {
			isa = PBXTargetDependency;
			target = D67168A52BA9EC81000C3CEC /* Individual Project */;
			targetProxy = D67168B72BA9EC86000C3CEC /* PBXContainerItemProxy */;
		};
		D67168C22BA9EC86000C3CEC /* PBXTargetDependency */ = {
			isa = PBXTargetDependency;
			target = D67168A52BA9EC81000C3CEC /* Individual Project */;
			targetProxy = D67168C12BA9EC86000C3CEC /* PBXContainerItemProxy */;
		};
/* End PBXTargetDependency section */

/* Begin XCBuildConfiguration section */
		D67168C82BA9EC86000C3CEC /* Debug */ = {
			isa = XCBuildConfiguration;
			buildSettings = {
				ALWAYS_SEARCH_USER_PATHS = NO;
				ASSETCATALOG_COMPILER_GENERATE_SWIFT_ASSET_SYMBOL_EXTENSIONS = YES;
				CLANG_ANALYZER_NONNULL = YES;
				CLANG_ANALYZER_NUMBER_OBJECT_CONVERSION = YES_AGGRESSIVE;
				CLANG_CXX_LANGUAGE_STANDARD = "gnu++20";
				CLANG_ENABLE_MODULES = YES;
				CLANG_ENABLE_OBJC_ARC = YES;
				CLANG_ENABLE_OBJC_WEAK = YES;
				CLANG_WARN_BLOCK_CAPTURE_AUTORELEASING = YES;
				CLANG_WARN_BOOL_CONVERSION = YES;
				CLANG_WARN_COMMA = YES;
				CLANG_WARN_CONSTANT_CONVERSION = YES;
				CLANG_WARN_DEPRECATED_OBJC_IMPLEMENTATIONS = YES;
				CLANG_WARN_DIRECT_OBJC_ISA_USAGE = YES_ERROR;
				CLANG_WARN_DOCUMENTATION_COMMENTS = YES;
				CLANG_WARN_EMPTY_BODY = YES;
				CLANG_WARN_ENUM_CONVERSION = YES;
				CLANG_WARN_INFINITE_RECURSION = YES;
				CLANG_WARN_INT_CONVERSION = YES;
				CLANG_WARN_NON_LITERAL_NULL_CONVERSION = YES;
				CLANG_WARN_OBJC_IMPLICIT_RETAIN_SELF = YES;
				CLANG_WARN_OBJC_LITERAL_CONVERSION = YES;
				CLANG_WARN_OBJC_ROOT_CLASS = YES_ERROR;
				CLANG_WARN_QUOTED_INCLUDE_IN_FRAMEWORK_HEADER = YES;
				CLANG_WARN_RANGE_LOOP_ANALYSIS = YES;
				CLANG_WARN_STRICT_PROTOTYPES = YES;
				CLANG_WARN_SUSPICIOUS_MOVE = YES;
				CLANG_WARN_UNGUARDED_AVAILABILITY = YES_AGGRESSIVE;
				CLANG_WARN_UNREACHABLE_CODE = YES;
				CLANG_WARN__DUPLICATE_METHOD_MATCH = YES;
				COPY_PHASE_STRIP = NO;
				DEBUG_INFORMATION_FORMAT = dwarf;
				ENABLE_STRICT_OBJC_MSGSEND = YES;
				ENABLE_TESTABILITY = YES;
				ENABLE_USER_SCRIPT_SANDBOXING = YES;
				GCC_C_LANGUAGE_STANDARD = gnu17;
				GCC_DYNAMIC_NO_PIC = NO;
				GCC_NO_COMMON_BLOCKS = YES;
				GCC_OPTIMIZATION_LEVEL = 0;
				GCC_PREPROCESSOR_DEFINITIONS = (
					"DEBUG=1",
					"$(inherited)",
				);
				GCC_WARN_64_TO_32_BIT_CONVERSION = YES;
				GCC_WARN_ABOUT_RETURN_TYPE = YES_ERROR;
				GCC_WARN_UNDECLARED_SELECTOR = YES;
				GCC_WARN_UNINITIALIZED_AUTOS = YES_AGGRESSIVE;
				GCC_WARN_UNUSED_FUNCTION = YES;
				GCC_WARN_UNUSED_VARIABLE = YES;
				IPHONEOS_DEPLOYMENT_TARGET = 17.2;
				LOCALIZATION_PREFERS_STRING_CATALOGS = YES;
				MTL_ENABLE_DEBUG_INFO = INCLUDE_SOURCE;
				MTL_FAST_MATH = YES;
				ONLY_ACTIVE_ARCH = YES;
				SDKROOT = iphoneos;
				SWIFT_ACTIVE_COMPILATION_CONDITIONS = "DEBUG $(inherited)";
				SWIFT_OPTIMIZATION_LEVEL = "-Onone";
			};
			name = Debug;
		};
		D67168C92BA9EC86000C3CEC /* Release */ = {
			isa = XCBuildConfiguration;
			buildSettings = {
				ALWAYS_SEARCH_USER_PATHS = NO;
				ASSETCATALOG_COMPILER_GENERATE_SWIFT_ASSET_SYMBOL_EXTENSIONS = YES;
				CLANG_ANALYZER_NONNULL = YES;
				CLANG_ANALYZER_NUMBER_OBJECT_CONVERSION = YES_AGGRESSIVE;
				CLANG_CXX_LANGUAGE_STANDARD = "gnu++20";
				CLANG_ENABLE_MODULES = YES;
				CLANG_ENABLE_OBJC_ARC = YES;
				CLANG_ENABLE_OBJC_WEAK = YES;
				CLANG_WARN_BLOCK_CAPTURE_AUTORELEASING = YES;
				CLANG_WARN_BOOL_CONVERSION = YES;
				CLANG_WARN_COMMA = YES;
				CLANG_WARN_CONSTANT_CONVERSION = YES;
				CLANG_WARN_DEPRECATED_OBJC_IMPLEMENTATIONS = YES;
				CLANG_WARN_DIRECT_OBJC_ISA_USAGE = YES_ERROR;
				CLANG_WARN_DOCUMENTATION_COMMENTS = YES;
				CLANG_WARN_EMPTY_BODY = YES;
				CLANG_WARN_ENUM_CONVERSION = YES;
				CLANG_WARN_INFINITE_RECURSION = YES;
				CLANG_WARN_INT_CONVERSION = YES;
				CLANG_WARN_NON_LITERAL_NULL_CONVERSION = YES;
				CLANG_WARN_OBJC_IMPLICIT_RETAIN_SELF = YES;
				CLANG_WARN_OBJC_LITERAL_CONVERSION = YES;
				CLANG_WARN_OBJC_ROOT_CLASS = YES_ERROR;
				CLANG_WARN_QUOTED_INCLUDE_IN_FRAMEWORK_HEADER = YES;
				CLANG_WARN_RANGE_LOOP_ANALYSIS = YES;
				CLANG_WARN_STRICT_PROTOTYPES = YES;
				CLANG_WARN_SUSPICIOUS_MOVE = YES;
				CLANG_WARN_UNGUARDED_AVAILABILITY = YES_AGGRESSIVE;
				CLANG_WARN_UNREACHABLE_CODE = YES;
				CLANG_WARN__DUPLICATE_METHOD_MATCH = YES;
				COPY_PHASE_STRIP = NO;
				DEBUG_INFORMATION_FORMAT = "dwarf-with-dsym";
				ENABLE_NS_ASSERTIONS = NO;
				ENABLE_STRICT_OBJC_MSGSEND = YES;
				ENABLE_USER_SCRIPT_SANDBOXING = YES;
				GCC_C_LANGUAGE_STANDARD = gnu17;
				GCC_NO_COMMON_BLOCKS = YES;
				GCC_WARN_64_TO_32_BIT_CONVERSION = YES;
				GCC_WARN_ABOUT_RETURN_TYPE = YES_ERROR;
				GCC_WARN_UNDECLARED_SELECTOR = YES;
				GCC_WARN_UNINITIALIZED_AUTOS = YES_AGGRESSIVE;
				GCC_WARN_UNUSED_FUNCTION = YES;
				GCC_WARN_UNUSED_VARIABLE = YES;
				IPHONEOS_DEPLOYMENT_TARGET = 17.2;
				LOCALIZATION_PREFERS_STRING_CATALOGS = YES;
				MTL_ENABLE_DEBUG_INFO = NO;
				MTL_FAST_MATH = YES;
				SDKROOT = iphoneos;
				SWIFT_COMPILATION_MODE = wholemodule;
				VALIDATE_PRODUCT = YES;
			};
			name = Release;
		};
		D67168CB2BA9EC86000C3CEC /* Debug */ = {
			isa = XCBuildConfiguration;
			buildSettings = {
				ASSETCATALOG_COMPILER_APPICON_NAME = AppIcon;
				ASSETCATALOG_COMPILER_GLOBAL_ACCENT_COLOR_NAME = AccentColor;
				CODE_SIGN_STYLE = Automatic;
				CURRENT_PROJECT_VERSION = 1;
				DEVELOPMENT_ASSET_PATHS = "\"Individual Project/Preview Content\"";
				ENABLE_PREVIEWS = YES;
				GENERATE_INFOPLIST_FILE = YES;
				INFOPLIST_FILE = "Individual-Project-Info.plist";
				INFOPLIST_KEY_NSLocationAlwaysAndWhenInUseUsageDescription = "";
				INFOPLIST_KEY_NSLocationAlwaysUsageDescription = "";
				INFOPLIST_KEY_NSLocationWhenInUseUsageDescription = "";
				INFOPLIST_KEY_UIApplicationSceneManifest_Generation = YES;
				INFOPLIST_KEY_UIApplicationSupportsIndirectInputEvents = YES;
				INFOPLIST_KEY_UILaunchScreen_Generation = YES;
				INFOPLIST_KEY_UISupportedInterfaceOrientations_iPad = "UIInterfaceOrientationPortrait UIInterfaceOrientationPortraitUpsideDown UIInterfaceOrientationLandscapeLeft UIInterfaceOrientationLandscapeRight";
				INFOPLIST_KEY_UISupportedInterfaceOrientations_iPhone = "";
				IPHONEOS_DEPLOYMENT_TARGET = 17.2;
				LD_RUNPATH_SEARCH_PATHS = (
					"$(inherited)",
					"@executable_path/Frameworks",
				);
				MARKETING_VERSION = 1.0;
				PRODUCT_BUNDLE_IDENTIFIER = "hk.edu.vtc.stu.Individual-Project";
				PRODUCT_NAME = "$(TARGET_NAME)";
				SWIFT_EMIT_LOC_STRINGS = YES;
				SWIFT_VERSION = 5.0;
				TARGETED_DEVICE_FAMILY = "1,2";
			};
			name = Debug;
		};
		D67168CC2BA9EC86000C3CEC /* Release */ = {
			isa = XCBuildConfiguration;
			buildSettings = {
				ASSETCATALOG_COMPILER_APPICON_NAME = AppIcon;
				ASSETCATALOG_COMPILER_GLOBAL_ACCENT_COLOR_NAME = AccentColor;
				CODE_SIGN_STYLE = Automatic;
				CURRENT_PROJECT_VERSION = 1;
				DEVELOPMENT_ASSET_PATHS = "\"Individual Project/Preview Content\"";
				ENABLE_PREVIEWS = YES;
				GENERATE_INFOPLIST_FILE = YES;
				INFOPLIST_FILE = "Individual-Project-Info.plist";
				INFOPLIST_KEY_NSLocationAlwaysAndWhenInUseUsageDescription = "";
				INFOPLIST_KEY_NSLocationAlwaysUsageDescription = "";
				INFOPLIST_KEY_NSLocationWhenInUseUsageDescription = "";
				INFOPLIST_KEY_UIApplicationSceneManifest_Generation = YES;
				INFOPLIST_KEY_UIApplicationSupportsIndirectInputEvents = YES;
				INFOPLIST_KEY_UILaunchScreen_Generation = YES;
				INFOPLIST_KEY_UISupportedInterfaceOrientations_iPad = "UIInterfaceOrientationPortrait UIInterfaceOrientationPortraitUpsideDown UIInterfaceOrientationLandscapeLeft UIInterfaceOrientationLandscapeRight";
				INFOPLIST_KEY_UISupportedInterfaceOrientations_iPhone = "";
				IPHONEOS_DEPLOYMENT_TARGET = 17.2;
				LD_RUNPATH_SEARCH_PATHS = (
					"$(inherited)",
					"@executable_path/Frameworks",
				);
				MARKETING_VERSION = 1.0;
				PRODUCT_BUNDLE_IDENTIFIER = "hk.edu.vtc.stu.Individual-Project";
				PRODUCT_NAME = "$(TARGET_NAME)";
				SWIFT_EMIT_LOC_STRINGS = YES;
				SWIFT_VERSION = 5.0;
				TARGETED_DEVICE_FAMILY = "1,2";
			};
			name = Release;
		};
		D67168CE2BA9EC86000C3CEC /* Debug */ = {
			isa = XCBuildConfiguration;
			buildSettings = {
				ALWAYS_EMBED_SWIFT_STANDARD_LIBRARIES = YES;
				BUNDLE_LOADER = "$(TEST_HOST)";
				CODE_SIGN_STYLE = Automatic;
				CURRENT_PROJECT_VERSION = 1;
				GENERATE_INFOPLIST_FILE = YES;
				IPHONEOS_DEPLOYMENT_TARGET = 17.2;
				MARKETING_VERSION = 1.0;
				PRODUCT_BUNDLE_IDENTIFIER = "hk.edu.vtc.stu.Individual-ProjectTests";
				PRODUCT_NAME = "$(TARGET_NAME)";
				SWIFT_EMIT_LOC_STRINGS = NO;
				SWIFT_VERSION = 5.0;
				TARGETED_DEVICE_FAMILY = "1,2";
				TEST_HOST = "$(BUILT_PRODUCTS_DIR)/Individual Project.app/$(BUNDLE_EXECUTABLE_FOLDER_PATH)/Individual Project";
			};
			name = Debug;
		};
		D67168CF2BA9EC86000C3CEC /* Release */ = {
			isa = XCBuildConfiguration;
			buildSettings = {
				ALWAYS_EMBED_SWIFT_STANDARD_LIBRARIES = YES;
				BUNDLE_LOADER = "$(TEST_HOST)";
				CODE_SIGN_STYLE = Automatic;
				CURRENT_PROJECT_VERSION = 1;
				GENERATE_INFOPLIST_FILE = YES;
				IPHONEOS_DEPLOYMENT_TARGET = 17.2;
				MARKETING_VERSION = 1.0;
				PRODUCT_BUNDLE_IDENTIFIER = "hk.edu.vtc.stu.Individual-ProjectTests";
				PRODUCT_NAME = "$(TARGET_NAME)";
				SWIFT_EMIT_LOC_STRINGS = NO;
				SWIFT_VERSION = 5.0;
				TARGETED_DEVICE_FAMILY = "1,2";
				TEST_HOST = "$(BUILT_PRODUCTS_DIR)/Individual Project.app/$(BUNDLE_EXECUTABLE_FOLDER_PATH)/Individual Project";
			};
			name = Release;
		};
		D67168D12BA9EC86000C3CEC /* Debug */ = {
			isa = XCBuildConfiguration;
			buildSettings = {
				ALWAYS_EMBED_SWIFT_STANDARD_LIBRARIES = YES;
				CODE_SIGN_STYLE = Automatic;
				CURRENT_PROJECT_VERSION = 1;
				GENERATE_INFOPLIST_FILE = YES;
				MARKETING_VERSION = 1.0;
				PRODUCT_BUNDLE_IDENTIFIER = "hk.edu.vtc.stu.Individual-ProjectUITests";
				PRODUCT_NAME = "$(TARGET_NAME)";
				SWIFT_EMIT_LOC_STRINGS = NO;
				SWIFT_VERSION = 5.0;
				TARGETED_DEVICE_FAMILY = "1,2";
				TEST_TARGET_NAME = "Individual Project";
			};
			name = Debug;
		};
		D67168D22BA9EC86000C3CEC /* Release */ = {
			isa = XCBuildConfiguration;
			buildSettings = {
				ALWAYS_EMBED_SWIFT_STANDARD_LIBRARIES = YES;
				CODE_SIGN_STYLE = Automatic;
				CURRENT_PROJECT_VERSION = 1;
				GENERATE_INFOPLIST_FILE = YES;
				MARKETING_VERSION = 1.0;
				PRODUCT_BUNDLE_IDENTIFIER = "hk.edu.vtc.stu.Individual-ProjectUITests";
				PRODUCT_NAME = "$(TARGET_NAME)";
				SWIFT_EMIT_LOC_STRINGS = NO;
				SWIFT_VERSION = 5.0;
				TARGETED_DEVICE_FAMILY = "1,2";
				TEST_TARGET_NAME = "Individual Project";
			};
			name = Release;
		};
/* End XCBuildConfiguration section */

/* Begin XCConfigurationList section */
		D67168A12BA9EC81000C3CEC /* Build configuration list for PBXProject "Individual Project" */ = {
			isa = XCConfigurationList;
			buildConfigurations = (
				D67168C82BA9EC86000C3CEC /* Debug */,
				D67168C92BA9EC86000C3CEC /* Release */,
			);
			defaultConfigurationIsVisible = 0;
			defaultConfigurationName = Release;
		};
		D67168CA2BA9EC86000C3CEC /* Build configuration list for PBXNativeTarget "Individual Project" */ = {
			isa = XCConfigurationList;
			buildConfigurations = (
				D67168CB2BA9EC86000C3CEC /* Debug */,
				D67168CC2BA9EC86000C3CEC /* Release */,
			);
			defaultConfigurationIsVisible = 0;
			defaultConfigurationName = Release;
		};
		D67168CD2BA9EC86000C3CEC /* Build configuration list for PBXNativeTarget "Individual ProjectTests" */ = {
			isa = XCConfigurationList;
			buildConfigurations = (
				D67168CE2BA9EC86000C3CEC /* Debug */,
				D67168CF2BA9EC86000C3CEC /* Release */,
			);
			defaultConfigurationIsVisible = 0;
			defaultConfigurationName = Release;
		};
		D67168D02BA9EC86000C3CEC /* Build configuration list for PBXNativeTarget "Individual ProjectUITests" */ = {
			isa = XCConfigurationList;
			buildConfigurations = (
				D67168D12BA9EC86000C3CEC /* Debug */,
				D67168D22BA9EC86000C3CEC /* Release */,
			);
			defaultConfigurationIsVisible = 0;
			defaultConfigurationName = Release;
		};
/* End XCConfigurationList section */
	};
	rootObject = D671689E2BA9EC81000C3CEC /* Project object */;
}
